
Microsoft Visual Studio Solution File, Format Version 12.00
# Visual Studio Version 17
VisualStudioVersion = 17.5.002.0
MinimumVisualStudioVersion = 10.0.40219.1
Project("{9A19103F-16F7-4668-BE54-9A1E7A4F7556}") = "BlazorContactsApp", "BlazorContactsApp.csproj", "{6616AB70-10CA-4ECF-A964-21391F9EABC5}"
EndProject
Global
	GlobalSection(SolutionConfigurationPlatforms) = preSolution
		Debug|Any CPU = Debug|Any CPU
		Release|Any CPU = Release|Any CPU
	EndGlobalSection
	GlobalSection(ProjectConfigurationPlatforms) = postSolution
		{6616AB70-10CA-4ECF-A964-21391F9EABC5}.Debug|Any CPU.ActiveCfg = Debug|Any CPU
		{6616AB70-10CA-4ECF-A964-21391F9EABC5}.Debug|Any CPU.Build.0 = Debug|Any CPU
		{6616AB70-10CA-4ECF-A964-21391F9EABC5}.Release|Any CPU.ActiveCfg = Release|Any CPU
		{6616AB70-10CA-4ECF-A964-21391F9EABC5}.Release|Any CPU.Build.0 = Release|Any CPU
	EndGlobalSection
	GlobalSection(SolutionProperties) = preSolution
		HideSolutionNode = FALSE
	EndGlobalSection
	GlobalSection(ExtensibilityGlobals) = postSolution
		SolutionGuid = {45B0037B-3D36-4D8C-9D70-A488127CB8E8}
	EndGlobalSection
EndGlobal
